
Microsoft Visual Studio Solution File, Format Version 11.00
# Visual Studio 2010
Project("{FAE04EC0-301F-11D3-BF4B-00C04F79EFBC}") = "MyVBEAddin", "MyVBEAddin\MyVBEAddin.csproj", "{3C797F4F-68DE-414A-85E1-817770AAC3BC}"
EndProject
Global
	GlobalSection(SolutionConfigurationPlatforms) = preSolution
		Debug|Any CPU = Debug|Any CPU
		Debug|x86 = Debug|x86
		Release|Any CPU = Release|Any CPU
		Release|x86 = Release|x86
	EndGlobalSection
	GlobalSection(ProjectConfigurationPlatforms) = postSolution
		{3C797F4F-68DE-414A-85E1-817770AAC3BC}.Debug|Any CPU.ActiveCfg = Debug|Any CPU
		{3C797F4F-68DE-414A-85E1-817770AAC3BC}.Debug|Any CPU.Build.0 = Debug|Any CPU
		{3C797F4F-68DE-414A-85E1-817770AAC3BC}.Debug|x86.ActiveCfg = Debug|x86
		{3C797F4F-68DE-414A-85E1-817770AAC3BC}.Debug|x86.Build.0 = Debug|x86
		{3C797F4F-68DE-414A-85E1-817770AAC3BC}.Release|Any CPU.ActiveCfg = Release|Any CPU
		{3C797F4F-68DE-414A-85E1-817770AAC3BC}.Release|Any CPU.Build.0 = Release|Any CPU
		{3C797F4F-68DE-414A-85E1-817770AAC3BC}.Release|x86.ActiveCfg = Release|x86
		{3C797F4F-68DE-414A-85E1-817770AAC3BC}.Release|x86.Build.0 = Release|x86
	EndGlobalSection
	GlobalSection(SolutionProperties) = preSolution
		HideSolutionNode = FALSE
	EndGlobalSection
EndGlobal
